{
  "requires": true,
  "lockfileVersion": 1,
  "dependencies": {
    "layui-src": {
      "version": "2.5.7",
      "resolved": "https://registry.npmjs.org/layui-src/-/layui-src-2.5.7.tgz",
      "integrity": "sha512-3xzpdKKqQgOKNqW9AWsB8ChAWxfdC0HuWVq0Kb87GXey5DPWEmv9/x0n60pD4nPwlV/Yjf+1HrZfnI0HxEbDlg=="
    }
  }
}
